
Microsoft Visual Studio Solution File, Format Version 12.00
# Visual Studio Version 16
VisualStudioVersion = 16.0.29201.188
MinimumVisualStudioVersion = 10.0.40219.1
Project("{FAE04EC0-301F-11D3-BF4B-00C04F79EFBC}") = "contacto", "contacto\contacto.csproj", "{BA20C167-9B40-47BC-B3D8-50907CF8BB79}"
EndProject
Project("{FAE04EC0-301F-11D3-BF4B-00C04F79EFBC}") = "apiContact", "apiContact\apiContact.csproj", "{E5B89CAD-A3B5-4FDC-8D62-52D2D88A307C}"
EndProject
Project("{FAE04EC0-301F-11D3-BF4B-00C04F79EFBC}") = "APPAndroid.UWP", "APPAndroid\APPAndroid.UWP\APPAndroid.UWP.csproj", "{2F7DA782-30B1-4270-A73C-74C83A9767A0}"
EndProject
Project("{FAE04EC0-301F-11D3-BF4B-00C04F79EFBC}") = "APPAndroid.Android", "APPAndroid\APPAndroid.Android\APPAndroid.Android.csproj", "{62072CEA-D5F2-4720-AB5D-ECC1196E6CE5}"
EndProject
Project("{FAE04EC0-301F-11D3-BF4B-00C04F79EFBC}") = "APPAndroid.iOS", "APPAndroid\APPAndroid.iOS\APPAndroid.iOS.csproj", "{2955BE32-0998-4449-B58E-284CB5A10EE7}"
EndProject
Project("{FAE04EC0-301F-11D3-BF4B-00C04F79EFBC}") = "APPAndroid", "APPAndroid\APPAndroid\APPAndroid.csproj", "{3D5D2DB0-11F1-43A4-9E77-1BA9C798E15D}"
EndProject
Global
	GlobalSection(SolutionConfigurationPlatforms) = preSolution
		Debug|Any CPU = Debug|Any CPU
		Debug|ARM = Debug|ARM
		Debug|iPhone = Debug|iPhone
		Debug|iPhoneSimulator = Debug|iPhoneSimulator
		Debug|x64 = Debug|x64
		Debug|x86 = Debug|x86
		Release|Any CPU = Release|Any CPU
		Release|ARM = Release|ARM
		Release|iPhone = Release|iPhone
		Release|iPhoneSimulator = Release|iPhoneSimulator
		Release|x64 = Release|x64
		Release|x86 = Release|x86
	EndGlobalSection
	GlobalSection(ProjectConfigurationPlatforms) = postSolution
		{BA20C167-9B40-47BC-B3D8-50907CF8BB79}.Debug|Any CPU.ActiveCfg = Debug|Any CPU
		{BA20C167-9B40-47BC-B3D8-50907CF8BB79}.Debug|Any CPU.Build.0 = Debug|Any CPU
		{BA20C167-9B40-47BC-B3D8-50907CF8BB79}.Debug|ARM.ActiveCfg = Debug|Any CPU
		{BA20C167-9B40-47BC-B3D8-50907CF8BB79}.Debug|ARM.Build.0 = Debug|Any CPU
		{BA20C167-9B40-47BC-B3D8-50907CF8BB79}.Debug|iPhone.ActiveCfg = Debug|Any CPU
		{BA20C167-9B40-47BC-B3D8-50907CF8BB79}.Debug|iPhone.Build.0 = Debug|Any CPU
		{BA20C167-9B40-47BC-B3D8-50907CF8BB79}.Debug|iPhoneSimulator.ActiveCfg = Debug|Any CPU
		{BA20C167-9B40-47BC-B3D8-50907CF8BB79}.Debug|iPhoneSimulator.Build.0 = Debug|Any CPU
		{BA20C167-9B40-47BC-B3D8-50907CF8BB79}.Debug|x64.ActiveCfg = Debug|Any CPU
		{BA20C167-9B40-47BC-B3D8-50907CF8BB79}.Debug|x64.Build.0 = Debug|Any CPU
		{BA20C167-9B40-47BC-B3D8-50907CF8BB79}.Debug|x86.ActiveCfg = Debug|Any CPU
		{BA20C167-9B40-47BC-B3D8-50907CF8BB79}.Debug|x86.Build.0 = Debug|Any CPU
		{BA20C167-9B40-47BC-B3D8-50907CF8BB79}.Release|Any CPU.ActiveCfg = Release|Any CPU
		{BA20C167-9B40-47BC-B3D8-50907CF8BB79}.Release|Any CPU.Build.0 = Release|Any CPU
		{BA20C167-9B40-47BC-B3D8-50907CF8BB79}.Release|ARM.ActiveCfg = Release|Any CPU
		{BA20C167-9B40-47BC-B3D8-50907CF8BB79}.Release|ARM.Build.0 = Release|Any CPU
		{BA20C167-9B40-47BC-B3D8-50907CF8BB79}.Release|iPhone.ActiveCfg = Release|Any CPU
		{BA20C167-9B40-47BC-B3D8-50907CF8BB79}.Release|iPhone.Build.0 = Release|Any CPU
		{BA20C167-9B40-47BC-B3D8-50907CF8BB79}.Release|iPhoneSimulator.ActiveCfg = Release|Any CPU
		{BA20C167-9B40-47BC-B3D8-50907CF8BB79}.Release|iPhoneSimulator.Build.0 = Release|Any CPU
		{BA20C167-9B40-47BC-B3D8-50907CF8BB79}.Release|x64.ActiveCfg = Release|Any CPU
		{BA20C167-9B40-47BC-B3D8-50907CF8BB79}.Release|x64.Build.0 = Release|Any CPU
		{BA20C167-9B40-47BC-B3D8-50907CF8BB79}.Release|x86.ActiveCfg = Release|Any CPU
		{BA20C167-9B40-47BC-B3D8-50907CF8BB79}.Release|x86.Build.0 = Release|Any CPU
		{E5B89CAD-A3B5-4FDC-8D62-52D2D88A307C}.Debug|Any CPU.ActiveCfg = Debug|Any CPU
		{E5B89CAD-A3B5-4FDC-8D62-52D2D88A307C}.Debug|Any CPU.Build.0 = Debug|Any CPU
		{E5B89CAD-A3B5-4FDC-8D62-52D2D88A307C}.Debug|ARM.ActiveCfg = Debug|Any CPU
		{E5B89CAD-A3B5-4FDC-8D62-52D2D88A307C}.Debug|ARM.Build.0 = Debug|Any CPU
		{E5B89CAD-A3B5-4FDC-8D62-52D2D88A307C}.Debug|iPhone.ActiveCfg = Debug|Any CPU
		{E5B89CAD-A3B5-4FDC-8D62-52D2D88A307C}.Debug|iPhone.Build.0 = Debug|Any CPU
		{E5B89CAD-A3B5-4FDC-8D62-52D2D88A307C}.Debug|iPhoneSimulator.ActiveCfg = Debug|Any CPU
		{E5B89CAD-A3B5-4FDC-8D62-52D2D88A307C}.Debug|iPhoneSimulator.Build.0 = Debug|Any CPU
		{E5B89CAD-A3B5-4FDC-8D62-52D2D88A307C}.Debug|x64.ActiveCfg = Debug|Any CPU
		{E5B89CAD-A3B5-4FDC-8D62-52D2D88A307C}.Debug|x64.Build.0 = Debug|Any CPU
		{E5B89CAD-A3B5-4FDC-8D62-52D2D88A307C}.Debug|x86.ActiveCfg = Debug|Any CPU
		{E5B89CAD-A3B5-4FDC-8D62-52D2D88A307C}.Debug|x86.Build.0 = Debug|Any CPU
		{E5B89CAD-A3B5-4FDC-8D62-52D2D88A307C}.Release|Any CPU.ActiveCfg = Release|Any CPU
		{E5B89CAD-A3B5-4FDC-8D62-52D2D88A307C}.Release|Any CPU.Build.0 = Release|Any CPU
		{E5B89CAD-A3B5-4FDC-8D62-52D2D88A307C}.Release|ARM.ActiveCfg = Release|Any CPU
		{E5B89CAD-A3B5-4FDC-8D62-52D2D88A307C}.Release|ARM.Build.0 = Release|Any CPU
		{E5B89CAD-A3B5-4FDC-8D62-52D2D88A307C}.Release|iPhone.ActiveCfg = Release|Any CPU
		{E5B89CAD-A3B5-4FDC-8D62-52D2D88A307C}.Release|iPhone.Build.0 = Release|Any CPU
		{E5B89CAD-A3B5-4FDC-8D62-52D2D88A307C}.Release|iPhoneSimulator.ActiveCfg = Release|Any CPU
		{E5B89CAD-A3B5-4FDC-8D62-52D2D88A307C}.Release|iPhoneSimulator.Build.0 = Release|Any CPU
		{E5B89CAD-A3B5-4FDC-8D62-52D2D88A307C}.Release|x64.ActiveCfg = Release|Any CPU
		{E5B89CAD-A3B5-4FDC-8D62-52D2D88A307C}.Release|x64.Build.0 = Release|Any CPU
		{E5B89CAD-A3B5-4FDC-8D62-52D2D88A307C}.Release|x86.ActiveCfg = Release|Any CPU
		{E5B89CAD-A3B5-4FDC-8D62-52D2D88A307C}.Release|x86.Build.0 = Release|Any CPU
		{2F7DA782-30B1-4270-A73C-74C83A9767A0}.Debug|Any CPU.ActiveCfg = Debug|x86
		{2F7DA782-30B1-4270-A73C-74C83A9767A0}.Debug|ARM.ActiveCfg = Debug|ARM
		{2F7DA782-30B1-4270-A73C-74C83A9767A0}.Debug|ARM.Build.0 = Debug|ARM
		{2F7DA782-30B1-4270-A73C-74C83A9767A0}.Debug|ARM.Deploy.0 = Debug|ARM
		{2F7DA782-30B1-4270-A73C-74C83A9767A0}.Debug|iPhone.ActiveCfg = Debug|x86
		{2F7DA782-30B1-4270-A73C-74C83A9767A0}.Debug|iPhoneSimulator.ActiveCfg = Debug|x86
		{2F7DA782-30B1-4270-A73C-74C83A9767A0}.Debug|x64.ActiveCfg = Debug|x64
		{2F7DA782-30B1-4270-A73C-74C83A9767A0}.Debug|x64.Build.0 = Debug|x64
		{2F7DA782-30B1-4270-A73C-74C83A9767A0}.Debug|x64.Deploy.0 = Debug|x64
		{2F7DA782-30B1-4270-A73C-74C83A9767A0}.Debug|x86.ActiveCfg = Debug|x86
		{2F7DA782-30B1-4270-A73C-74C83A9767A0}.Debug|x86.Build.0 = Debug|x86
		{2F7DA782-30B1-4270-A73C-74C83A9767A0}.Debug|x86.Deploy.0 = Debug|x86
		{2F7DA782-30B1-4270-A73C-74C83A9767A0}.Release|Any CPU.ActiveCfg = Release|x86
		{2F7DA782-30B1-4270-A73C-74C83A9767A0}.Release|ARM.ActiveCfg = Release|ARM
		{2F7DA782-30B1-4270-A73C-74C83A9767A0}.Release|ARM.Build.0 = Release|ARM
		{2F7DA782-30B1-4270-A73C-74C83A9767A0}.Release|ARM.Deploy.0 = Release|ARM
		{2F7DA782-30B1-4270-A73C-74C83A9767A0}.Release|iPhone.ActiveCfg = Release|x86
		{2F7DA782-30B1-4270-A73C-74C83A9767A0}.Release|iPhoneSimulator.ActiveCfg = Release|x86
		{2F7DA782-30B1-4270-A73C-74C83A9767A0}.Release|x64.ActiveCfg = Release|x64
		{2F7DA782-30B1-4270-A73C-74C83A9767A0}.Release|x64.Build.0 = Release|x64
		{2F7DA782-30B1-4270-A73C-74C83A9767A0}.Release|x64.Deploy.0 = Release|x64
		{2F7DA782-30B1-4270-A73C-74C83A9767A0}.Release|x86.ActiveCfg = Release|x86
		{2F7DA782-30B1-4270-A73C-74C83A9767A0}.Release|x86.Build.0 = Release|x86
		{2F7DA782-30B1-4270-A73C-74C83A9767A0}.Release|x86.Deploy.0 = Release|x86
		{62072CEA-D5F2-4720-AB5D-ECC1196E6CE5}.Debug|Any CPU.ActiveCfg = Debug|Any CPU
		{62072CEA-D5F2-4720-AB5D-ECC1196E6CE5}.Debug|Any CPU.Build.0 = Debug|Any CPU
		{62072CEA-D5F2-4720-AB5D-ECC1196E6CE5}.Debug|Any CPU.Deploy.0 = Debug|Any CPU
		{62072CEA-D5F2-4720-AB5D-ECC1196E6CE5}.Debug|ARM.ActiveCfg = Debug|Any CPU
		{62072CEA-D5F2-4720-AB5D-ECC1196E6CE5}.Debug|ARM.Build.0 = Debug|Any CPU
		{62072CEA-D5F2-4720-AB5D-ECC1196E6CE5}.Debug|ARM.Deploy.0 = Debug|Any CPU
		{62072CEA-D5F2-4720-AB5D-ECC1196E6CE5}.Debug|iPhone.ActiveCfg = Debug|Any CPU
		{62072CEA-D5F2-4720-AB5D-ECC1196E6CE5}.Debug|iPhone.Build.0 = Debug|Any CPU
		{62072CEA-D5F2-4720-AB5D-ECC1196E6CE5}.Debug|iPhone.Deploy.0 = Debug|Any CPU
		{62072CEA-D5F2-4720-AB5D-ECC1196E6CE5}.Debug|iPhoneSimulator.ActiveCfg = Debug|Any CPU
		{62072CEA-D5F2-4720-AB5D-ECC1196E6CE5}.Debug|iPhoneSimulator.Build.0 = Debug|Any CPU
		{62072CEA-D5F2-4720-AB5D-ECC1196E6CE5}.Debug|iPhoneSimulator.Deploy.0 = Debug|Any CPU
		{62072CEA-D5F2-4720-AB5D-ECC1196E6CE5}.Debug|x64.ActiveCfg = Debug|Any CPU
		{62072CEA-D5F2-4720-AB5D-ECC1196E6CE5}.Debug|x64.Build.0 = Debug|Any CPU
		{62072CEA-D5F2-4720-AB5D-ECC1196E6CE5}.Debug|x64.Deploy.0 = Debug|Any CPU
		{62072CEA-D5F2-4720-AB5D-ECC1196E6CE5}.Debug|x86.ActiveCfg = Debug|Any CPU
		{62072CEA-D5F2-4720-AB5D-ECC1196E6CE5}.Debug|x86.Build.0 = Debug|Any CPU
		{62072CEA-D5F2-4720-AB5D-ECC1196E6CE5}.Debug|x86.Deploy.0 = Debug|Any CPU
		{62072CEA-D5F2-4720-AB5D-ECC1196E6CE5}.Release|Any CPU.ActiveCfg = Release|Any CPU
		{62072CEA-D5F2-4720-AB5D-ECC1196E6CE5}.Release|Any CPU.Build.0 = Release|Any CPU
		{62072CEA-D5F2-4720-AB5D-ECC1196E6CE5}.Release|Any CPU.Deploy.0 = Release|Any CPU
		{62072CEA-D5F2-4720-AB5D-ECC1196E6CE5}.Release|ARM.ActiveCfg = Release|Any CPU
		{62072CEA-D5F2-4720-AB5D-ECC1196E6CE5}.Release|ARM.Build.0 = Release|Any CPU
		{62072CEA-D5F2-4720-AB5D-ECC1196E6CE5}.Release|ARM.Deploy.0 = Release|Any CPU
		{62072CEA-D5F2-4720-AB5D-ECC1196E6CE5}.Release|iPhone.ActiveCfg = Release|Any CPU
		{62072CEA-D5F2-4720-AB5D-ECC1196E6CE5}.Release|iPhone.Build.0 = Release|Any CPU
		{62072CEA-D5F2-4720-AB5D-ECC1196E6CE5}.Release|iPhone.Deploy.0 = Release|Any CPU
		{62072CEA-D5F2-4720-AB5D-ECC1196E6CE5}.Release|iPhoneSimulator.ActiveCfg = Release|Any CPU
		{62072CEA-D5F2-4720-AB5D-ECC1196E6CE5}.Release|iPhoneSimulator.Build.0 = Release|Any CPU
		{62072CEA-D5F2-4720-AB5D-ECC1196E6CE5}.Release|iPhoneSimulator.Deploy.0 = Release|Any CPU
		{62072CEA-D5F2-4720-AB5D-ECC1196E6CE5}.Release|x64.ActiveCfg = Release|Any CPU
		{62072CEA-D5F2-4720-AB5D-ECC1196E6CE5}.Release|x64.Build.0 = Release|Any CPU
		{62072CEA-D5F2-4720-AB5D-ECC1196E6CE5}.Release|x64.Deploy.0 = Release|Any CPU
		{62072CEA-D5F2-4720-AB5D-ECC1196E6CE5}.Release|x86.ActiveCfg = Release|Any CPU
		{62072CEA-D5F2-4720-AB5D-ECC1196E6CE5}.Release|x86.Build.0 = Release|Any CPU
		{62072CEA-D5F2-4720-AB5D-ECC1196E6CE5}.Release|x86.Deploy.0 = Release|Any CPU
		{2955BE32-0998-4449-B58E-284CB5A10EE7}.Debug|Any CPU.ActiveCfg = Debug|iPhone
		{2955BE32-0998-4449-B58E-284CB5A10EE7}.Debug|ARM.ActiveCfg = Debug|iPhone
		{2955BE32-0998-4449-B58E-284CB5A10EE7}.Debug|iPhone.ActiveCfg = Debug|iPhone
		{2955BE32-0998-4449-B58E-284CB5A10EE7}.Debug|iPhone.Build.0 = Debug|iPhone
		{2955BE32-0998-4449-B58E-284CB5A10EE7}.Debug|iPhoneSimulator.ActiveCfg = Debug|iPhoneSimulator
		{2955BE32-0998-4449-B58E-284CB5A10EE7}.Debug|iPhoneSimulator.Build.0 = Debug|iPhoneSimulator
		{2955BE32-0998-4449-B58E-284CB5A10EE7}.Debug|x64.ActiveCfg = Debug|iPhone
		{2955BE32-0998-4449-B58E-284CB5A10EE7}.Debug|x86.ActiveCfg = Debug|iPhone
		{2955BE32-0998-4449-B58E-284CB5A10EE7}.Release|Any CPU.ActiveCfg = Release|iPhone
		{2955BE32-0998-4449-B58E-284CB5A10EE7}.Release|ARM.ActiveCfg = Release|iPhone
		{2955BE32-0998-4449-B58E-284CB5A10EE7}.Release|iPhone.ActiveCfg = Release|iPhone
		{2955BE32-0998-4449-B58E-284CB5A10EE7}.Release|iPhone.Build.0 = Release|iPhone
		{2955BE32-0998-4449-B58E-284CB5A10EE7}.Release|iPhoneSimulator.ActiveCfg = Release|iPhoneSimulator
		{2955BE32-0998-4449-B58E-284CB5A10EE7}.Release|iPhoneSimulator.Build.0 = Release|iPhoneSimulator
		{2955BE32-0998-4449-B58E-284CB5A10EE7}.Release|x64.ActiveCfg = Release|iPhone
		{2955BE32-0998-4449-B58E-284CB5A10EE7}.Release|x86.ActiveCfg = Release|iPhone
		{3D5D2DB0-11F1-43A4-9E77-1BA9C798E15D}.Debug|Any CPU.ActiveCfg = Debug|Any CPU
		{3D5D2DB0-11F1-43A4-9E77-1BA9C798E15D}.Debug|Any CPU.Build.0 = Debug|Any CPU
		{3D5D2DB0-11F1-43A4-9E77-1BA9C798E15D}.Debug|ARM.ActiveCfg = Debug|Any CPU
		{3D5D2DB0-11F1-43A4-9E77-1BA9C798E15D}.Debug|ARM.Build.0 = Debug|Any CPU
		{3D5D2DB0-11F1-43A4-9E77-1BA9C798E15D}.Debug|iPhone.ActiveCfg = Debug|Any CPU
		{3D5D2DB0-11F1-43A4-9E77-1BA9C798E15D}.Debug|iPhone.Build.0 = Debug|Any CPU
		{3D5D2DB0-11F1-43A4-9E77-1BA9C798E15D}.Debug|iPhoneSimulator.ActiveCfg = Debug|Any CPU
		{3D5D2DB0-11F1-43A4-9E77-1BA9C798E15D}.Debug|iPhoneSimulator.Build.0 = Debug|Any CPU
		{3D5D2DB0-11F1-43A4-9E77-1BA9C798E15D}.Debug|x64.ActiveCfg = Debug|Any CPU
		{3D5D2DB0-11F1-43A4-9E77-1BA9C798E15D}.Debug|x64.Build.0 = Debug|Any CPU
		{3D5D2DB0-11F1-43A4-9E77-1BA9C798E15D}.Debug|x86.ActiveCfg = Debug|Any CPU
		{3D5D2DB0-11F1-43A4-9E77-1BA9C798E15D}.Debug|x86.Build.0 = Debug|Any CPU
		{3D5D2DB0-11F1-43A4-9E77-1BA9C798E15D}.Release|Any CPU.ActiveCfg = Release|Any CPU
		{3D5D2DB0-11F1-43A4-9E77-1BA9C798E15D}.Release|Any CPU.Build.0 = Release|Any CPU
		{3D5D2DB0-11F1-43A4-9E77-1BA9C798E15D}.Release|ARM.ActiveCfg = Release|Any CPU
		{3D5D2DB0-11F1-43A4-9E77-1BA9C798E15D}.Release|ARM.Build.0 = Release|Any CPU
		{3D5D2DB0-11F1-43A4-9E77-1BA9C798E15D}.Release|iPhone.ActiveCfg = Release|Any CPU
		{3D5D2DB0-11F1-43A4-9E77-1BA9C798E15D}.Release|iPhone.Build.0 = Release|Any CPU
		{3D5D2DB0-11F1-43A4-9E77-1BA9C798E15D}.Release|iPhoneSimulator.ActiveCfg = Release|Any CPU
		{3D5D2DB0-11F1-43A4-9E77-1BA9C798E15D}.Release|iPhoneSimulator.Build.0 = Release|Any CPU
		{3D5D2DB0-11F1-43A4-9E77-1BA9C798E15D}.Release|x64.ActiveCfg = Release|Any CPU
		{3D5D2DB0-11F1-43A4-9E77-1BA9C798E15D}.Release|x64.Build.0 = Release|Any CPU
		{3D5D2DB0-11F1-43A4-9E77-1BA9C798E15D}.Release|x86.ActiveCfg = Release|Any CPU
		{3D5D2DB0-11F1-43A4-9E77-1BA9C798E15D}.Release|x86.Build.0 = Release|Any CPU
	EndGlobalSection
	GlobalSection(SolutionProperties) = preSolution
		HideSolutionNode = FALSE
	EndGlobalSection
	GlobalSection(ExtensibilityGlobals) = postSolution
		SolutionGuid = {C1912565-2633-4620-A7D1-EDC1B0BFDAE2}
	EndGlobalSection
EndGlobal
